
Microsoft Visual Studio Solution File, Format Version 12.00
# Visual Studio Version 16
VisualStudioVersion = 16.0.32901.82
MinimumVisualStudioVersion = 10.0.40219.1
Project("{FAE04EC0-301F-11D3-BF4B-00C04F79EFBC}") = "Front-to-back", "Front-to-back.csproj", "{2DE6A2D4-7BB7-4AD3-8B40-F01D4B45C222}"
EndProject
Global
	GlobalSection(SolutionConfigurationPlatforms) = preSolution
		Debug|Any CPU = Debug|Any CPU
		Release|Any CPU = Release|Any CPU
	EndGlobalSection
	GlobalSection(ProjectConfigurationPlatforms) = postSolution
		{2DE6A2D4-7BB7-4AD3-8B40-F01D4B45C222}.Debug|Any CPU.ActiveCfg = Debug|Any CPU
		{2DE6A2D4-7BB7-4AD3-8B40-F01D4B45C222}.Debug|Any CPU.Build.0 = Debug|Any CPU
		{2DE6A2D4-7BB7-4AD3-8B40-F01D4B45C222}.Release|Any CPU.ActiveCfg = Release|Any CPU
		{2DE6A2D4-7BB7-4AD3-8B40-F01D4B45C222}.Release|Any CPU.Build.0 = Release|Any CPU
	EndGlobalSection
	GlobalSection(SolutionProperties) = preSolution
		HideSolutionNode = FALSE
	EndGlobalSection
	GlobalSection(ExtensibilityGlobals) = postSolution
		SolutionGuid = {0E4A288B-973B-4A12-82C5-073DED1BB98A}
	EndGlobalSection
EndGlobal
